PODS:
  - GCDWebServer (3.5.4):
    - GCDWebServer/Core (= 3.5.4)
  - GCDWebServer/Core (3.5.4)
  - GCDWebServer/WebUploader (3.5.4):
    - GCDWebServer/Core
  - MetalPetal (1.23.0):
    - MetalPetal/Core (= 1.23.0)
  - MetalPetal/Core (1.23.0)

DEPENDENCIES:
  - GCDWebServer (~> 3.5.4)
  - GCDWebServer/WebUploader
  - MetalPetal (~> 1.23.0)

SPEC REPOS:
  trunk:
    - GCDWebServer
    - MetalPetal

SPEC CHECKSUMS:
  GCDWebServer: 2c156a56c8226e2d5c0c3f208a3621ccffbe3ce4
  MetalPetal: 006266db17a9bc070039828e356fb87bd4696cfa

PODFILE CHECKSUM: c649665774bef11cfa5ff8c64d59974c2a0f0edb

COCOAPODS: 1.11.3
