{
  "object": {
    "pins": [
      {
        "package": "VideoIO",
        "repositoryURL": "https://github.com/MetalPetal/VideoIO",
        "state": {
          "branch": null,
          "revision": "51517a19b095d092fca17ae2c05ba9e5268241a9",
          "version": "2.2.0"
        }
      }
    ]
  },
  "version": 1
}
